
Microsoft Visual Studio Solution File, Format Version 12.00
# Visual Studio Version 16
VisualStudioVersion = 16.0.31205.134
MinimumVisualStudioVersion = 10.0.40219.1
Project("{9A19103F-16F7-4668-BE54-9A1E7A4F7556}") = "Api", "Waitlist\Api.csproj", "{4065AC1B-C4D8-49B8-BC4A-8174EE12B118}"
EndProject
Project("{9A19103F-16F7-4668-BE54-9A1E7A4F7556}") = "Domain", "Domain\Domain.csproj", "{8AB0D461-82E9-42C2-B5E3-CE50C446890E}"
EndProject
Project("{9A19103F-16F7-4668-BE54-9A1E7A4F7556}") = "Infrastructure", "Infrastructure\Infrastructure.csproj", "{A5D07C10-39D2-4A60-B78F-29B9B17FEB42}"
EndProject
Global
	GlobalSection(SolutionConfigurationPlatforms) = preSolution
		Debug|Any CPU = Debug|Any CPU
		Release|Any CPU = Release|Any CPU
	EndGlobalSection
	GlobalSection(ProjectConfigurationPlatforms) = postSolution
		{4065AC1B-C4D8-49B8-BC4A-8174EE12B118}.Debug|Any CPU.ActiveCfg = Debug|Any CPU
		{4065AC1B-C4D8-49B8-BC4A-8174EE12B118}.Debug|Any CPU.Build.0 = Debug|Any CPU
		{4065AC1B-C4D8-49B8-BC4A-8174EE12B118}.Release|Any CPU.ActiveCfg = Release|Any CPU
		{4065AC1B-C4D8-49B8-BC4A-8174EE12B118}.Release|Any CPU.Build.0 = Release|Any CPU
		{8AB0D461-82E9-42C2-B5E3-CE50C446890E}.Debug|Any CPU.ActiveCfg = Debug|Any CPU
		{8AB0D461-82E9-42C2-B5E3-CE50C446890E}.Debug|Any CPU.Build.0 = Debug|Any CPU
		{8AB0D461-82E9-42C2-B5E3-CE50C446890E}.Release|Any CPU.ActiveCfg = Release|Any CPU
		{8AB0D461-82E9-42C2-B5E3-CE50C446890E}.Release|Any CPU.Build.0 = Release|Any CPU
		{A5D07C10-39D2-4A60-B78F-29B9B17FEB42}.Debug|Any CPU.ActiveCfg = Debug|Any CPU
		{A5D07C10-39D2-4A60-B78F-29B9B17FEB42}.Debug|Any CPU.Build.0 = Debug|Any CPU
		{A5D07C10-39D2-4A60-B78F-29B9B17FEB42}.Release|Any CPU.ActiveCfg = Release|Any CPU
		{A5D07C10-39D2-4A60-B78F-29B9B17FEB42}.Release|Any CPU.Build.0 = Release|Any CPU
	EndGlobalSection
	GlobalSection(SolutionProperties) = preSolution
		HideSolutionNode = FALSE
	EndGlobalSection
	GlobalSection(ExtensibilityGlobals) = postSolution
		SolutionGuid = {A593E274-BAF0-4778-98DD-6AD9FEFD0C24}
	EndGlobalSection
EndGlobal
